Microsoft Visual Studio Solution File, Format Version 12.00
# Visual Studio Version 17
VisualStudioVersion = 17.5.2.0
MinimumVisualStudioVersion = 10.0.40219.1
Project("{FAE04EC0-301F-11D3-BF4B-00C04F79EFBC}") = "SmartHomeHubDemo", "SmartHomeHubDemo.csproj", "{148C4FC0-85EE-42E7-9F9A-7DFFDB807217}"
EndProject
Global
	GlobalSection(SolutionConfigurationPlatforms) = preSolution
		Debug|Any CPU = Debug|Any CPU
		Release|Any CPU = Release|Any CPU
	EndGlobalSection
	GlobalSection(ProjectConfigurationPlatforms) = postSolution
		{148C4FC0-85EE-42E7-9F9A-7DFFDB807217}.Debug|Any CPU.ActiveCfg = Debug|Any CPU
		{148C4FC0-85EE-42E7-9F9A-7DFFDB807217}.Debug|Any CPU.Build.0 = Debug|Any CPU
		{148C4FC0-85EE-42E7-9F9A-7DFFDB807217}.Release|Any CPU.ActiveCfg = Release|Any CPU
		{148C4FC0-85EE-42E7-9F9A-7DFFDB807217}.Release|Any CPU.Build.0 = Release|Any CPU
	EndGlobalSection
	GlobalSection(SolutionProperties) = preSolution
		HideSolutionNode = FALSE
	EndGlobalSection
	GlobalSection(ExtensibilityGlobals) = postSolution
		SolutionGuid = {B4B43F1B-400D-4251-BF13-8FF73248C538}
	EndGlobalSection
EndGlobal
